<?xml version="1.0" encoding="UTF-8"?>
<!DOCTYPE plist PUBLIC "-//Apple//DTD PLIST 1.0//EN" "http://www.apple.com/DTDs/PropertyList-1.0.dtd">
<plist version="1.0">
<dict>
	<key>archiveVersion</key>
	<string>1</string>
	<key>classes</key>
	<dict/>
	<key>objectVersion</key>
	<string>46</string>
	<key>objects</key>
	<dict>
		<key>036704AB18BD635600D2378F</key>
		<dict>
			<key>children</key>
			<array>
				<string>036704F518BE5EF500D2378F</string>
				<string>036704BD18BD635600D2378F</string>
				<string>036704DC18BD635600D2378F</string>
				<string>036704B618BD635600D2378F</string>
				<string>036704B518BD635600D2378F</string>
			</array>
			<key>isa</key>
			<string>PBXGroup</string>
			<key>sourceTree</key>
			<string>&lt;group&gt;</string>
		</dict>
		<key>036704AC18BD635600D2378F</key>
		<dict>
			<key>attributes</key>
			<dict>
				<key>LastUpgradeCheck</key>
				<string>0500</string>
				<key>ORGANIZATIONNAME</key>
				<string>Team Ocho (8)</string>
				<key>TargetAttributes</key>
				<dict>
					<key>036704D418BD635600D2378F</key>
					<dict>
						<key>TestTargetID</key>
						<string>036704B318BD635600D2378F</string>
					</dict>
				</dict>
			</dict>
			<key>buildConfigurationList</key>
			<string>036704AF18BD635600D2378F</string>
			<key>compatibilityVersion</key>
			<string>Xcode 3.2</string>
			<key>developmentRegion</key>
			<string>English</string>
			<key>hasScannedForEncodings</key>
			<string>0</string>
			<key>isa</key>
			<string>PBXProject</string>
			<key>knownRegions</key>
			<array>
				<string>en</string>
				<string>Base</string>
			</array>
			<key>mainGroup</key>
			<string>036704AB18BD635600D2378F</string>
			<key>productRefGroup</key>
			<string>036704B518BD635600D2378F</string>
			<key>projectDirPath</key>
			<string></string>
			<key>projectReferences</key>
			<array/>
			<key>projectRoot</key>
			<string></string>
			<key>targets</key>
			<array>
				<string>036704B318BD635600D2378F</string>
				<string>036704D418BD635600D2378F</string>
			</array>
		</dict>
		<key>036704AF18BD635600D2378F</key>
		<dict>
			<key>buildConfigurations</key>
			<array>
				<string>036704E418BD635600D2378F</string>
				<string>036704E518BD635600D2378F</string>
			</array>
			<key>defaultConfigurationIsVisible</key>
			<string>0</string>
			<key>defaultConfigurationName</key>
			<string>Release</string>
			<key>isa</key>
			<string>XCConfigurationList</string>
		</dict>
		<key>036704B018BD635600D2378F</key>
		<dict>
			<key>buildActionMask</key>
			<string>2147483647</string>
			<key>files</key>
			<array>
				<string>1998A6D918D245BF004F7963</string>
				<string>2BB71EFB18CF88910006C121</string>
				<string>03670B8018BE5F0000D2378F</string>
				<string>036710D818BE5F0000D2378F</string>
				<string>036704EE18BD68B400D2378F</string>
				<string>D394AB3218DB7F3B00619AAF</string>
				<string>1998A6B518D239CD004F7963</string>
				<string>036704C818BD635600D2378F</string>
				<string>036704C418BD635600D2378F</string>
				<string>03670B7C18BE5F0000D2378F</string>
				<string>036704F418BE414100D2378F</string>
				<string>F4735BA218D99D7300E60CC6</string>
				<string>4C1446D818C8FE4E003BA08D</string>
				<string>036704F118BD691800D2378F</string>
				<string>D3515DB518C94A6900C6A1D7</string>
				<string>03670B7D18BE5F0000D2378F</string>
				<string>03670B7F18BE5F0000D2378F</string>
				<string>036710D718BE5F0000D2378F</string>
				<string>1998A6B618D239CD004F7963</string>
				<string>2B65C11818D0C9D500377846</string>
				<string>1998A6B818D239CD004F7963</string>
				<string>D3515DB218C9293500C6A1D7</string>
				<string>1998A6BA18D23A83004F7963</string>
				<string>4C1446DB18C906B4003BA08D</string>
				<string>03670B7E18BE5F0000D2378F</string>
				<string>1998A6B718D239CD004F7963</string>
				<string>036710D918BE5F0000D2378F</string>
			</array>
			<key>isa</key>
			<string>PBXSourcesBuildPhase</string>
			<key>runOnlyForDeploymentPostprocessing</key>
			<string>0</string>
		</dict>
		<key>036704B118BD635600D2378F</key>
		<dict>
			<key>buildActionMask</key>
			<string>2147483647</string>
			<key>files</key>
			<array>
				<string>0367112318BE612A00D2378F</string>
				<string>0367112118BE612100D2378F</string>
				<string>0367111F18BE610B00D2378F</string>
				<string>036704BA18BD635600D2378F</string>
				<string>036704BC18BD635600D2378F</string>
				<string>036704B818BD635600D2378F</string>
			</array>
			<key>isa</key>
			<string>PBXFrameworksBuildPhase</string>
			<key>runOnlyForDeploymentPostprocessing</key>
			<string>0</string>
		</dict>
		<key>036704B218BD635600D2378F</key>
		<dict>
			<key>buildActionMask</key>
			<string>2147483647</string>
			<key>files</key>
			<array>
				<string>1998A6D618D24547004F7963</string>
				<string>1998A6D018D24547004F7963</string>
				<string>1998A6CC18D24547004F7963</string>
				<string>1998A6CF18D24547004F7963</string>
				<string>036704D018BD635600D2378F</string>
				<string>1998A6D518D24547004F7963</string>
				<string>1998A6CA18D24547004F7963</string>
				<string>1998A6D418D24547004F7963</string>
				<string>1998A6CB18D24547004F7963</string>
				<string>1998A6CD18D24547004F7963</string>
				<string>1998A6D118D24547004F7963</string>
				<string>1998A6D318D24547004F7963</string>
				<string>036704C218BD635600D2378F</string>
				<string>1998A6D218D24547004F7963</string>
				<string>036704CB18BD635600D2378F</string>
				<string>1998A6CE18D24547004F7963</string>
			</array>
			<key>isa</key>
			<string>PBXResourcesBuildPhase</string>
			<key>runOnlyForDeploymentPostprocessing</key>
			<string>0</string>
		</dict>
		<key>036704B318BD635600D2378F</key>
		<dict>
			<key>buildConfigurationList</key>
			<string>036704E618BD635600D2378F</string>
			<key>buildPhases</key>
			<array>
				<string>036704B018BD635600D2378F</string>
				<string>036704B118BD635600D2378F</string>
				<string>036704B218BD635600D2378F</string>
			</array>
			<key>buildRules</key>
			<array/>
			<key>dependencies</key>
			<array/>
			<key>isa</key>
			<string>PBXNativeTarget</string>
			<key>name</key>
			<string>OchoPad</string>
			<key>productName</key>
			<string>OchoPad</string>
			<key>productReference</key>
			<string>036704B418BD635600D2378F</string>
			<key>productType</key>
			<string>com.apple.product-type.application</string>
		</dict>
		<key>036704B418BD635600D2378F</key>
		<dict>
			<key>explicitFileType</key>
			<string>wrapper.application</string>
			<key>includeInIndex</key>
			<string>0</string>
			<key>isa</key>
			<string>PBXFileReference</string>
			<key>path</key>
			<string>OchoPad.app</string>
			<key>sourceTree</key>
			<string>BUILT_PRODUCTS_DIR</string>
		</dict>
		<key>036704B518BD635600D2378F</key>
		<dict>
			<key>children</key>
			<array>
				<string>036704B418BD635600D2378F</string>
				<string>036704D518BD635600D2378F</string>
			</array>
			<key>isa</key>
			<string>PBXGroup</string>
			<key>name</key>
			<string>Products</string>
			<key>sourceTree</key>
			<string>&lt;group&gt;</string>
		</dict>
		<key>036704B618BD635600D2378F</key>
		<dict>
			<key>children</key>
			<array>
				<string>0367112218BE612A00D2378F</string>
				<string>0367112018BE612100D2378F</string>
				<string>0367111E18BE610B00D2378F</string>
				<string>036704B718BD635600D2378F</string>
				<string>036704B918BD635600D2378F</string>
				<string>036704BB18BD635600D2378F</string>
				<string>036704D618BD635600D2378F</string>
			</array>
			<key>isa</key>
			<string>PBXGroup</string>
			<key>name</key>
			<string>Frameworks</string>
			<key>sourceTree</key>
			<string>&lt;group&gt;</string>
		</dict>
		<key>036704B718BD635600D2378F</key>
		<dict>
			<key>isa</key>
			<string>PBXFileReference</string>
			<key>lastKnownFileType</key>
			<string>wrapper.framework</string>
			<key>name</key>
			<string>Foundation.framework</string>
			<key>path</key>
			<string>System/Library/Frameworks/Foundation.framework</string>
			<key>sourceTree</key>
			<string>SDKROOT</string>
		</dict>
		<key>036704B818BD635600D2378F</key>
		<dict>
			<key>fileRef</key>
			<string>036704B718BD635600D2378F</string>
			<key>isa</key>
			<string>PBXBuildFile</string>
		</dict>
		<key>036704B918BD635600D2378F</key>
		<dict>
			<key>isa</key>
			<string>PBXFileReference</string>
			<key>lastKnownFileType</key>
			<string>wrapper.framework</string>
			<key>name</key>
			<string>CoreGraphics.framework</string>
			<key>path</key>
			<string>System/Library/Frameworks/CoreGraphics.framework</string>
			<key>sourceTree</key>
			<string>SDKROOT</string>
		</dict>
		<key>036704BA18BD635600D2378F</key>
		<dict>
			<key>fileRef</key>
			<string>036704B918BD635600D2378F</string>
			<key>isa</key>
			<string>PBXBuildFile</string>
		</dict>
		<key>036704BB18BD635600D2378F</key>
		<dict>
			<key>isa</key>
			<string>PBXFileReference</string>
			<key>lastKnownFileType</key>
			<string>wrapper.framework</string>
			<key>name</key>
			<string>UIKit.framework</string>
			<key>path</key>
			<string>System/Library/Frameworks/UIKit.framework</string>
			<key>sourceTree</key>
			<string>SDKROOT</string>
		</dict>
		<key>036704BC18BD635600D2378F</key>
		<dict>
			<key>fileRef</key>
			<string>036704BB18BD635600D2378F</string>
			<key>isa</key>
			<string>PBXBuildFile</string>
		</dict>
		<key>036704BD18BD635600D2378F</key>
		<dict>
			<key>children</key>
			<array>
				<string>036704C618BD635600D2378F</string>
				<string>036704C718BD635600D2378F</string>
				<string>036704C918BD635600D2378F</string>
				<string>D394AB3018DB7F3B00619AAF</string>
				<string>D394AB3118DB7F3B00619AAF</string>
				<string>2BB71EF918CF88910006C121</string>
				<string>2BB71EFA18CF88910006C121</string>
				<string>2B65C11618D0C9D500377846</string>
				<string>2B65C11718D0C9D500377846</string>
				<string>D3515DB018C9293500C6A1D7</string>
				<string>D3515DB118C9293500C6A1D7</string>
				<string>036704CF18BD635600D2378F</string>
				<string>036704BE18BD635600D2378F</string>
				<string>036704EC18BD68B400D2378F</string>
				<string>036704ED18BD68B400D2378F</string>
				<string>036704EF18BD691800D2378F</string>
				<string>036704F018BD691800D2378F</string>
				<string>D3515DB318C94A6900C6A1D7</string>
				<string>D3515DB418C94A6900C6A1D7</string>
				<string>036704F218BE414100D2378F</string>
				<string>036704F318BE414100D2378F</string>
				<string>4C1446D618C8FE4E003BA08D</string>
				<string>4C1446D718C8FE4E003BA08D</string>
				<string>4C1446D918C906B4003BA08D</string>
				<string>4C1446DA18C906B4003BA08D</string>
				<string>1998A6B918D23A83004F7963</string>
				<string>1998A6BB18D23A92004F7963</string>
				<string>F4735BA018D99D7300E60CC6</string>
				<string>F4735BA118D99D7300E60CC6</string>
			</array>
			<key>isa</key>
			<string>PBXGroup</string>
			<key>path</key>
			<string>OchoPad</string>
			<key>sourceTree</key>
			<string>&lt;group&gt;</string>
		</dict>
		<key>036704BE18BD635600D2378F</key>
		<dict>
			<key>children</key>
			<array>
				<string>036704BF18BD635600D2378F</string>
				<string>036704C018BD635600D2378F</string>
				<string>036704C318BD635600D2378F</string>
				<string>036704C518BD635600D2378F</string>
			</array>
			<key>isa</key>
			<string>PBXGroup</string>
			<key>name</key>
			<string>Supporting Files</string>
			<key>sourceTree</key>
			<string>&lt;group&gt;</string>
		</dict>
		<key>036704BF18BD635600D2378F</key>
		<dict>
			<key>isa</key>
			<string>PBXFileReference</string>
			<key>lastKnownFileType</key>
			<string>text.plist.xml</string>
			<key>path</key>
			<string>OchoPad-Info.plist</string>
			<key>sourceTree</key>
			<string>&lt;group&gt;</string>
		</dict>
		<key>036704C018BD635600D2378F</key>
		<dict>
			<key>children</key>
			<array>
				<string>036704C118BD635600D2378F</string>
			</array>
			<key>isa</key>
			<string>PBXVariantGroup</string>
			<key>name</key>
			<string>InfoPlist.strings</string>
			<key>sourceTree</key>
			<string>&lt;group&gt;</string>
		</dict>
		<key>036704C118BD635600D2378F</key>
		<dict>
			<key>isa</key>
			<string>PBXFileReference</string>
			<key>lastKnownFileType</key>
			<string>text.plist.strings</string>
			<key>name</key>
			<string>en</string>
			<key>path</key>
			<string>en.lproj/InfoPlist.strings</string>
			<key>sourceTree</key>
			<string>&lt;group&gt;</string>
		</dict>
		<key>036704C218BD635600D2378F</key>
		<dict>
			<key>fileRef</key>
			<string>036704C018BD635600D2378F</string>
			<key>isa</key>
			<string>PBXBuildFile</string>
		</dict>
		<key>036704C318BD635600D2378F</key>
		<dict>
			<key>isa</key>
			<string>PBXFileReference</string>
			<key>lastKnownFileType</key>
			<string>sourcecode.c.objc</string>
			<key>path</key>
			<string>main.m</string>
			<key>sourceTree</key>
			<string>&lt;group&gt;</string>
		</dict>
		<key>036704C418BD635600D2378F</key>
		<dict>
			<key>fileRef</key>
			<string>036704C318BD635600D2378F</string>
			<key>isa</key>
			<string>PBXBuildFile</string>
		</dict>
		<key>036704C518BD635600D2378F</key>
		<dict>
			<key>isa</key>
			<string>PBXFileReference</string>
			<key>lastKnownFileType</key>
			<string>sourcecode.c.h</string>
			<key>path</key>
			<string>OchoPad-Prefix.pch</string>
			<key>sourceTree</key>
			<string>&lt;group&gt;</string>
		</dict>
		<key>036704C618BD635600D2378F</key>
		<dict>
			<key>isa</key>
			<string>PBXFileReference</string>
			<key>lastKnownFileType</key>
			<string>sourcecode.c.h</string>
			<key>path</key>
			<string>AppDelegate.h</string>
			<key>sourceTree</key>
			<string>&lt;group&gt;</string>
		</dict>
		<key>036704C718BD635600D2378F</key>
		<dict>
			<key>isa</key>
			<string>PBXFileReference</string>
			<key>lastKnownFileType</key>
			<string>sourcecode.c.objc</string>
			<key>path</key>
			<string>AppDelegate.m</string>
			<key>sourceTree</key>
			<string>&lt;group&gt;</string>
		</dict>
		<key>036704C818BD635600D2378F</key>
		<dict>
			<key>fileRef</key>
			<string>036704C718BD635600D2378F</string>
			<key>isa</key>
			<string>PBXBuildFile</string>
		</dict>
		<key>036704C918BD635600D2378F</key>
		<dict>
			<key>children</key>
			<array>
				<string>036704CA18BD635600D2378F</string>
			</array>
			<key>isa</key>
			<string>PBXVariantGroup</string>
			<key>name</key>
			<string>Main.storyboard</string>
			<key>sourceTree</key>
			<string>&lt;group&gt;</string>
		</dict>
		<key>036704CA18BD635600D2378F</key>
		<dict>
			<key>isa</key>
			<string>PBXFileReference</string>
			<key>lastKnownFileType</key>
			<string>file.storyboard</string>
			<key>name</key>
			<string>Base</string>
			<key>path</key>
			<string>Base.lproj/Main.storyboard</string>
			<key>sourceTree</key>
			<string>&lt;group&gt;</string>
		</dict>
		<key>036704CB18BD635600D2378F</key>
		<dict>
			<key>fileRef</key>
			<string>036704C918BD635600D2378F</string>
			<key>isa</key>
			<string>PBXBuildFile</string>
		</dict>
		<key>036704CF18BD635600D2378F</key>
		<dict>
			<key>isa</key>
			<string>PBXFileReference</string>
			<key>lastKnownFileType</key>
			<string>folder.assetcatalog</string>
			<key>path</key>
			<string>Images.xcassets</string>
			<key>sourceTree</key>
			<string>&lt;group&gt;</string>
		</dict>
		<key>036704D018BD635600D2378F</key>
		<dict>
			<key>fileRef</key>
			<string>036704CF18BD635600D2378F</string>
			<key>isa</key>
			<string>PBXBuildFile</string>
		</dict>
		<key>036704D118BD635600D2378F</key>
		<dict>
			<key>buildActionMask</key>
			<string>2147483647</string>
			<key>files</key>
			<array>
				<string>D394AB3418DB9EFC00619AAF</string>
				<string>195D260618DB9975005A97B8</string>
				<string>19A883F818DB65DD00A769A9</string>
			</array>
			<key>isa</key>
			<string>PBXSourcesBuildPhase</string>
			<key>runOnlyForDeploymentPostprocessing</key>
			<string>0</string>
		</dict>
		<key>036704D218BD635600D2378F</key>
		<dict>
			<key>buildActionMask</key>
			<string>2147483647</string>
			<key>files</key>
			<array>
				<string>036704D718BD635600D2378F</string>
				<string>036704D918BD635600D2378F</string>
				<string>036704D818BD635600D2378F</string>
			</array>
			<key>isa</key>
			<string>PBXFrameworksBuildPhase</string>
			<key>runOnlyForDeploymentPostprocessing</key>
			<string>0</string>
		</dict>
		<key>036704D318BD635600D2378F</key>
		<dict>
			<key>buildActionMask</key>
			<string>2147483647</string>
			<key>files</key>
			<array>
				<string>036704E118BD635600D2378F</string>
			</array>
			<key>isa</key>
			<string>PBXResourcesBuildPhase</string>
			<key>runOnlyForDeploymentPostprocessing</key>
			<string>0</string>
		</dict>
		<key>036704D418BD635600D2378F</key>
		<dict>
			<key>buildConfigurationList</key>
			<string>036704E918BD635600D2378F</string>
			<key>buildPhases</key>
			<array>
				<string>036704D118BD635600D2378F</string>
				<string>036704D218BD635600D2378F</string>
				<string>036704D318BD635600D2378F</string>
			</array>
			<key>buildRules</key>
			<array/>
			<key>dependencies</key>
			<array>
				<string>036704DB18BD635600D2378F</string>
			</array>
			<key>isa</key>
			<string>PBXNativeTarget</string>
			<key>name</key>
			<string>OchoPadTests</string>
			<key>productName</key>
			<string>OchoPadTests</string>
			<key>productReference</key>
			<string>036704D518BD635600D2378F</string>
			<key>productType</key>
			<string>com.apple.product-type.bundle.unit-test</string>
		</dict>
		<key>036704D518BD635600D2378F</key>
		<dict>
			<key>explicitFileType</key>
			<string>wrapper.cfbundle</string>
			<key>includeInIndex</key>
			<string>0</string>
			<key>isa</key>
			<string>PBXFileReference</string>
			<key>path</key>
			<string>OchoPadTests.xctest</string>
			<key>sourceTree</key>
			<string>BUILT_PRODUCTS_DIR</string>
		</dict>
		<key>036704D618BD635600D2378F</key>
		<dict>
			<key>isa</key>
			<string>PBXFileReference</string>
			<key>lastKnownFileType</key>
			<string>wrapper.framework</string>
			<key>name</key>
			<string>XCTest.framework</string>
			<key>path</key>
			<string>Library/Frameworks/XCTest.framework</string>
			<key>sourceTree</key>
			<string>DEVELOPER_DIR</string>
		</dict>
		<key>036704D718BD635600D2378F</key>
		<dict>
			<key>fileRef</key>
			<string>036704D618BD635600D2378F</string>
			<key>isa</key>
			<string>PBXBuildFile</string>
		</dict>
		<key>036704D818BD635600D2378F</key>
		<dict>
			<key>fileRef</key>
			<string>036704B718BD635600D2378F</string>
			<key>isa</key>
			<string>PBXBuildFile</string>
		</dict>
		<key>036704D918BD635600D2378F</key>
		<dict>
			<key>fileRef</key>
			<string>036704BB18BD635600D2378F</string>
			<key>isa</key>
			<string>PBXBuildFile</string>
		</dict>
		<key>036704DA18BD635600D2378F</key>
		<dict>
			<key>containerPortal</key>
			<string>036704AC18BD635600D2378F</string>
			<key>isa</key>
			<string>PBXContainerItemProxy</string>
			<key>proxyType</key>
			<string>1</string>
			<key>remoteGlobalIDString</key>
			<string>036704B318BD635600D2378F</string>
			<key>remoteInfo</key>
			<string>OchoPad</string>
		</dict>
		<key>036704DB18BD635600D2378F</key>
		<dict>
			<key>isa</key>
			<string>PBXTargetDependency</string>
			<key>target</key>
			<string>036704B318BD635600D2378F</string>
			<key>targetProxy</key>
			<string>036704DA18BD635600D2378F</string>
		</dict>
		<key>036704DC18BD635600D2378F</key>
		<dict>
			<key>children</key>
			<array>
				<string>036704DD18BD635600D2378F</string>
				<string>19A883F718DB65DD00A769A9</string>
				<string>D394AB3318DB9EFC00619AAF</string>
				<string>195D260518DB9975005A97B8</string>
			</array>
			<key>isa</key>
			<string>PBXGroup</string>
			<key>path</key>
			<string>OchoPadTests</string>
			<key>sourceTree</key>
			<string>&lt;group&gt;</string>
		</dict>
		<key>036704DD18BD635600D2378F</key>
		<dict>
			<key>children</key>
			<array>
				<string>036704DE18BD635600D2378F</string>
				<string>036704DF18BD635600D2378F</string>
			</array>
			<key>isa</key>
			<string>PBXGroup</string>
			<key>name</key>
			<string>Supporting Files</string>
			<key>sourceTree</key>
			<string>&lt;group&gt;</string>
		</dict>
		<key>036704DE18BD635600D2378F</key>
		<dict>
			<key>isa</key>
			<string>PBXFileReference</string>
			<key>lastKnownFileType</key>
			<string>text.plist.xml</string>
			<key>path</key>
			<string>OchoPadTests-Info.plist</string>
			<key>sourceTree</key>
			<string>&lt;group&gt;</string>
		</dict>
		<key>036704DF18BD635600D2378F</key>
		<dict>
			<key>children</key>
			<array>
				<string>036704E018BD635600D2378F</string>
			</array>
			<key>isa</key>
			<string>PBXVariantGroup</string>
			<key>name</key>
			<string>InfoPlist.strings</string>
			<key>sourceTree</key>
			<string>&lt;group&gt;</string>
		</dict>
		<key>036704E018BD635600D2378F</key>
		<dict>
			<key>isa</key>
			<string>PBXFileReference</string>
			<key>lastKnownFileType</key>
			<string>text.plist.strings</string>
			<key>name</key>
			<string>en</string>
			<key>path</key>
			<string>en.lproj/InfoPlist.strings</string>
			<key>sourceTree</key>
			<string>&lt;group&gt;</string>
		</dict>
		<key>036704E118BD635600D2378F</key>
		<dict>
			<key>fileRef</key>
			<string>036704DF18BD635600D2378F</string>
			<key>isa</key>
			<string>PBXBuildFile</string>
		</dict>
		<key>036704E418BD635600D2378F</key>
		<dict>
			<key>buildSettings</key>
			<dict>
				<key>ALWAYS_SEARCH_USER_PATHS</key>
				<string>NO</string>
				<key>ARCHS</key>
				<string>$(ARCHS_STANDARD_INCLUDING_64_BIT)</string>
				<key>CLANG_CXX_LANGUAGE_STANDARD</key>
				<string>gnu++0x</string>
				<key>CLANG_CXX_LIBRARY</key>
				<string>libc++</string>
				<key>CLANG_ENABLE_MODULES</key>
				<string>YES</string>
				<key>CLANG_ENABLE_OBJC_ARC</key>
				<string>YES</string>
				<key>CLANG_WARN_BOOL_CONVERSION</key>
				<string>YES</string>
				<key>CLANG_WARN_CONSTANT_CONVERSION</key>
				<string>YES</string>
				<key>CLANG_WARN_DIRECT_OBJC_ISA_USAGE</key>
				<string>YES_ERROR</string>
				<key>CLANG_WARN_EMPTY_BODY</key>
				<string>YES</string>
				<key>CLANG_WARN_ENUM_CONVERSION</key>
				<string>YES</string>
				<key>CLANG_WARN_INT_CONVERSION</key>
				<string>YES</string>
				<key>CLANG_WARN_OBJC_ROOT_CLASS</key>
				<string>YES_ERROR</string>
				<key>CLANG_WARN__DUPLICATE_METHOD_MATCH</key>
				<string>YES</string>
				<key>CODE_SIGN_IDENTITY[sdk=iphoneos*]</key>
				<string>iPhone Developer</string>
				<key>COPY_PHASE_STRIP</key>
				<string>NO</string>
				<key>GCC_C_LANGUAGE_STANDARD</key>
				<string>gnu99</string>
				<key>GCC_DYNAMIC_NO_PIC</key>
				<string>NO</string>
				<key>GCC_OPTIMIZATION_LEVEL</key>
				<string>0</string>
				<key>GCC_PREPROCESSOR_DEFINITIONS</key>
				<array>
					<string>DEBUG=1</string>
					<string>$(inherited)</string>
				</array>
				<key>GCC_SYMBOLS_PRIVATE_EXTERN</key>
				<string>NO</string>
				<key>GCC_WARN_64_TO_32_BIT_CONVERSION</key>
				<string>YES</string>
				<key>GCC_WARN_ABOUT_RETURN_TYPE</key>
				<string>YES_ERROR</string>
				<key>GCC_WARN_UNDECLARED_SELECTOR</key>
				<string>YES</string>
				<key>GCC_WARN_UNINITIALIZED_AUTOS</key>
				<string>YES</string>
				<key>GCC_WARN_UNUSED_FUNCTION</key>
				<string>YES</string>
				<key>GCC_WARN_UNUSED_VARIABLE</key>
				<string>YES</string>
				<key>IPHONEOS_DEPLOYMENT_TARGET</key>
				<string>7.0</string>
				<key>ONLY_ACTIVE_ARCH</key>
				<string>YES</string>
				<key>SDKROOT</key>
				<string>iphoneos</string>
				<key>TARGETED_DEVICE_FAMILY</key>
				<string>2</string>
			</dict>
			<key>isa</key>
			<string>XCBuildConfiguration</string>
			<key>name</key>
			<string>Debug</string>
		</dict>
		<key>036704E518BD635600D2378F</key>
		<dict>
			<key>buildSettings</key>
			<dict>
				<key>ALWAYS_SEARCH_USER_PATHS</key>
				<string>NO</string>
				<key>ARCHS</key>
				<string>$(ARCHS_STANDARD_INCLUDING_64_BIT)</string>
				<key>CLANG_CXX_LANGUAGE_STANDARD</key>
				<string>gnu++0x</string>
				<key>CLANG_CXX_LIBRARY</key>
				<string>libc++</string>
				<key>CLANG_ENABLE_MODULES</key>
				<string>YES</string>
				<key>CLANG_ENABLE_OBJC_ARC</key>
				<string>YES</string>
				<key>CLANG_WARN_BOOL_CONVERSION</key>
				<string>YES</string>
				<key>CLANG_WARN_CONSTANT_CONVERSION</key>
				<string>YES</string>
				<key>CLANG_WARN_DIRECT_OBJC_ISA_USAGE</key>
				<string>YES_ERROR</string>
				<key>CLANG_WARN_EMPTY_BODY</key>
				<string>YES</string>
				<key>CLANG_WARN_ENUM_CONVERSION</key>
				<string>YES</string>
				<key>CLANG_WARN_INT_CONVERSION</key>
				<string>YES</string>
				<key>CLANG_WARN_OBJC_ROOT_CLASS</key>
				<string>YES_ERROR</string>
				<key>CLANG_WARN__DUPLICATE_METHOD_MATCH</key>
				<string>YES</string>
				<key>CODE_SIGN_IDENTITY[sdk=iphoneos*]</key>
				<string>iPhone Developer</string>
				<key>COPY_PHASE_STRIP</key>
				<string>YES</string>
				<key>ENABLE_NS_ASSERTIONS</key>
				<string>NO</string>
				<key>GCC_C_LANGUAGE_STANDARD</key>
				<string>gnu99</string>
				<key>GCC_WARN_64_TO_32_BIT_CONVERSION</key>
				<string>YES</string>
				<key>GCC_WARN_ABOUT_RETURN_TYPE</key>
				<string>YES_ERROR</string>
				<key>GCC_WARN_UNDECLARED_SELECTOR</key>
				<string>YES</string>
				<key>GCC_WARN_UNINITIALIZED_AUTOS</key>
				<string>YES</string>
				<key>GCC_WARN_UNUSED_FUNCTION</key>
				<string>YES</string>
				<key>GCC_WARN_UNUSED_VARIABLE</key>
				<string>YES</string>
				<key>IPHONEOS_DEPLOYMENT_TARGET</key>
				<string>7.0</string>
				<key>SDKROOT</key>
				<string>iphoneos</string>
				<key>TARGETED_DEVICE_FAMILY</key>
				<string>2</string>
				<key>VALIDATE_PRODUCT</key>
				<string>YES</string>
			</dict>
			<key>isa</key>
			<string>XCBuildConfiguration</string>
			<key>name</key>
			<string>Release</string>
		</dict>
		<key>036704E618BD635600D2378F</key>
		<dict>
			<key>buildConfigurations</key>
			<array>
				<string>036704E718BD635600D2378F</string>
				<string>036704E818BD635600D2378F</string>
			</array>
			<key>defaultConfigurationIsVisible</key>
			<string>0</string>
			<key>defaultConfigurationName</key>
			<string>Release</string>
			<key>isa</key>
			<string>XCConfigurationList</string>
		</dict>
		<key>036704E718BD635600D2378F</key>
		<dict>
			<key>buildSettings</key>
			<dict>
				<key>ASSETCATALOG_COMPILER_APPICON_NAME</key>
				<string>AppIcon</string>
				<key>ASSETCATALOG_COMPILER_LAUNCHIMAGE_NAME</key>
				<string>LaunchImage</string>
				<key>GCC_PRECOMPILE_PREFIX_HEADER</key>
				<string>YES</string>
				<key>GCC_PREFIX_HEADER</key>
				<string>OchoPad/OchoPad-Prefix.pch</string>
				<key>INFOPLIST_FILE</key>
				<string>OchoPad/OchoPad-Info.plist</string>
				<key>IPHONEOS_DEPLOYMENT_TARGET</key>
				<string>6.1</string>
				<key>LIBRARY_SEARCH_PATHS</key>
				<array>
					<string>$(inherited)</string>
					<string>/Users/nico/Dropbox/iOS-OchoApp/OchoPad/extern/SocketRocket/.env</string>
					<string>/Users/nico/Dropbox/iOS-OchoApp/OchoPad/extern/SocketRocket/.env/lib/python2.7/config</string>
					<string>$(FRANK_LIBRARY_SEARCH_PATHS)</string>
				</array>
				<key>OTHER_LDFLAGS</key>
				<array>
					<string>$(inherited)</string>
					<string>-ObjC</string>
					<string>$(FRANK_LDFLAGS)</string>
				</array>
				<key>PRODUCT_NAME</key>
				<string>$(TARGET_NAME)</string>
				<key>WRAPPER_EXTENSION</key>
				<string>app</string>
			</dict>
			<key>isa</key>
			<string>XCBuildConfiguration</string>
			<key>name</key>
			<string>Debug</string>
		</dict>
		<key>036704E818BD635600D2378F</key>
		<dict>
			<key>buildSettings</key>
			<dict>
				<key>ASSETCATALOG_COMPILER_APPICON_NAME</key>
				<string>AppIcon</string>
				<key>ASSETCATALOG_COMPILER_LAUNCHIMAGE_NAME</key>
				<string>LaunchImage</string>
				<key>GCC_PRECOMPILE_PREFIX_HEADER</key>
				<string>YES</string>
				<key>GCC_PREFIX_HEADER</key>
				<string>OchoPad/OchoPad-Prefix.pch</string>
				<key>INFOPLIST_FILE</key>
				<string>OchoPad/OchoPad-Info.plist</string>
				<key>IPHONEOS_DEPLOYMENT_TARGET</key>
				<string>6.1</string>
				<key>LIBRARY_SEARCH_PATHS</key>
				<array>
					<string>$(inherited)</string>
					<string>/Users/nico/Dropbox/iOS-OchoApp/OchoPad/extern/SocketRocket/.env</string>
					<string>/Users/nico/Dropbox/iOS-OchoApp/OchoPad/extern/SocketRocket/.env/lib/python2.7/config</string>
				</array>
				<key>OTHER_LDFLAGS</key>
				<string>-ObjC</string>
				<key>PRODUCT_NAME</key>
				<string>$(TARGET_NAME)</string>
				<key>WRAPPER_EXTENSION</key>
				<string>app</string>
			</dict>
			<key>isa</key>
			<string>XCBuildConfiguration</string>
			<key>name</key>
			<string>Release</string>
		</dict>
		<key>036704E918BD635600D2378F</key>
		<dict>
			<key>buildConfigurations</key>
			<array>
				<string>036704EA18BD635600D2378F</string>
				<string>036704EB18BD635600D2378F</string>
			</array>
			<key>defaultConfigurationIsVisible</key>
			<string>0</string>
			<key>defaultConfigurationName</key>
			<string>Release</string>
			<key>isa</key>
			<string>XCConfigurationList</string>
		</dict>
		<key>036704EA18BD635600D2378F</key>
		<dict>
			<key>buildSettings</key>
			<dict>
				<key>ARCHS</key>
				<string>$(ARCHS_STANDARD_INCLUDING_64_BIT)</string>
				<key>BUNDLE_LOADER</key>
				<string>$(BUILT_PRODUCTS_DIR)/OchoPad.app/OchoPad</string>
				<key>FRAMEWORK_SEARCH_PATHS</key>
				<array>
					<string>$(SDKROOT)/Developer/Library/Frameworks</string>
					<string>$(inherited)</string>
					<string>$(DEVELOPER_FRAMEWORKS_DIR)</string>
				</array>
				<key>GCC_PRECOMPILE_PREFIX_HEADER</key>
				<string>YES</string>
				<key>GCC_PREFIX_HEADER</key>
				<string>OchoPad/OchoPad-Prefix.pch</string>
				<key>GCC_PREPROCESSOR_DEFINITIONS</key>
				<array>
					<string>DEBUG=1</string>
					<string>$(inherited)</string>
				</array>
				<key>INFOPLIST_FILE</key>
				<string>OchoPadTests/OchoPadTests-Info.plist</string>
				<key>PRODUCT_NAME</key>
				<string>$(TARGET_NAME)</string>
				<key>TEST_HOST</key>
				<string>$(BUNDLE_LOADER)</string>
				<key>WRAPPER_EXTENSION</key>
				<string>xctest</string>
			</dict>
			<key>isa</key>
			<string>XCBuildConfiguration</string>
			<key>name</key>
			<string>Debug</string>
		</dict>
		<key>036704EB18BD635600D2378F</key>
		<dict>
			<key>buildSettings</key>
			<dict>
				<key>ARCHS</key>
				<string>$(ARCHS_STANDARD_INCLUDING_64_BIT)</string>
				<key>BUNDLE_LOADER</key>
				<string>$(BUILT_PRODUCTS_DIR)/OchoPad.app/OchoPad</string>
				<key>FRAMEWORK_SEARCH_PATHS</key>
				<array>
					<string>$(SDKROOT)/Developer/Library/Frameworks</string>
					<string>$(inherited)</string>
					<string>$(DEVELOPER_FRAMEWORKS_DIR)</string>
				</array>
				<key>GCC_PRECOMPILE_PREFIX_HEADER</key>
				<string>YES</string>
				<key>GCC_PREFIX_HEADER</key>
				<string>OchoPad/OchoPad-Prefix.pch</string>
				<key>INFOPLIST_FILE</key>
				<string>OchoPadTests/OchoPadTests-Info.plist</string>
				<key>PRODUCT_NAME</key>
				<string>$(TARGET_NAME)</string>
				<key>TEST_HOST</key>
				<string>$(BUNDLE_LOADER)</string>
				<key>WRAPPER_EXTENSION</key>
				<string>xctest</string>
			</dict>
			<key>isa</key>
			<string>XCBuildConfiguration</string>
			<key>name</key>
			<string>Release</string>
		</dict>
		<key>036704EC18BD68B400D2378F</key>
		<dict>
			<key>fileEncoding</key>
			<string>4</string>
			<key>isa</key>
			<string>PBXFileReference</string>
			<key>lastKnownFileType</key>
			<string>sourcecode.c.h</string>
			<key>path</key>
			<string>CourseViewController.h</string>
			<key>sourceTree</key>
			<string>&lt;group&gt;</string>
		</dict>
		<key>036704ED18BD68B400D2378F</key>
		<dict>
			<key>fileEncoding</key>
			<string>4</string>
			<key>isa</key>
			<string>PBXFileReference</string>
			<key>lastKnownFileType</key>
			<string>sourcecode.c.objc</string>
			<key>path</key>
			<string>CourseViewController.m</string>
			<key>sourceTree</key>
			<string>&lt;group&gt;</string>
		</dict>
		<key>036704EE18BD68B400D2378F</key>
		<dict>
			<key>fileRef</key>
			<string>036704ED18BD68B400D2378F</string>
			<key>isa</key>
			<string>PBXBuildFile</string>
		</dict>
		<key>036704EF18BD691800D2378F</key>
		<dict>
			<key>fileEncoding</key>
			<string>4</string>
			<key>isa</key>
			<string>PBXFileReference</string>
			<key>lastKnownFileType</key>
			<string>sourcecode.c.h</string>
			<key>path</key>
			<string>Course.h</string>
			<key>sourceTree</key>
			<string>&lt;group&gt;</string>
		</dict>
		<key>036704F018BD691800D2378F</key>
		<dict>
			<key>fileEncoding</key>
			<string>4</string>
			<key>isa</key>
			<string>PBXFileReference</string>
			<key>lastKnownFileType</key>
			<string>sourcecode.c.objc</string>
			<key>path</key>
			<string>Course.m</string>
			<key>sourceTree</key>
			<string>&lt;group&gt;</string>
		</dict>
		<key>036704F118BD691800D2378F</key>
		<dict>
			<key>fileRef</key>
			<string>036704F018BD691800D2378F</string>
			<key>isa</key>
			<string>PBXBuildFile</string>
		</dict>
		<key>036704F218BE414100D2378F</key>
		<dict>
			<key>fileEncoding</key>
			<string>4</string>
			<key>isa</key>
			<string>PBXFileReference</string>
			<key>lastKnownFileType</key>
			<string>sourcecode.c.h</string>
			<key>path</key>
			<string>CourseDetailsViewController.h</string>
			<key>sourceTree</key>
			<string>&lt;group&gt;</string>
		</dict>
		<key>036704F318BE414100D2378F</key>
		<dict>
			<key>fileEncoding</key>
			<string>4</string>
			<key>isa</key>
			<string>PBXFileReference</string>
			<key>lastKnownFileType</key>
			<string>sourcecode.c.objc</string>
			<key>path</key>
			<string>CourseDetailsViewController.m</string>
			<key>sourceTree</key>
			<string>&lt;group&gt;</string>
		</dict>
		<key>036704F418BE414100D2378F</key>
		<dict>
			<key>fileRef</key>
			<string>036704F318BE414100D2378F</string>
			<key>isa</key>
			<string>PBXBuildFile</string>
		</dict>
		<key>036704F518BE5EF500D2378F</key>
		<dict>
			<key>children</key>
			<array>
				<string>1998A6AA18D239CD004F7963</string>
				<string>036704F618BE5EF500D2378F</string>
				<string>036706DD18BE5EF800D2378F</string>
			</array>
			<key>isa</key>
			<string>PBXGroup</string>
			<key>path</key>
			<string>extern</string>
			<key>sourceTree</key>
			<string>&lt;group&gt;</string>
		</dict>
		<key>036704F618BE5EF500D2378F</key>
		<dict>
			<key>children</key>
			<array>
				<string>036704FC18BE5EF500D2378F</string>
				<string>036704FD18BE5EF500D2378F</string>
				<string>036704FE18BE5EF500D2378F</string>
				<string>036704FF18BE5EF500D2378F</string>
				<string>0367050018BE5EF500D2378F</string>
				<string>0367050118BE5EF500D2378F</string>
				<string>0367050218BE5EF500D2378F</string>
				<string>0367050318BE5EF500D2378F</string>
				<string>0367050418BE5EF500D2378F</string>
				<string>0367050518BE5EF500D2378F</string>
				<string>0367050618BE5EF500D2378F</string>
			</array>
			<key>isa</key>
			<string>PBXGroup</string>
			<key>path</key>
			<string>socket.IO-objc</string>
			<key>sourceTree</key>
			<string>&lt;group&gt;</string>
		</dict>
		<key>036704FC18BE5EF500D2378F</key>
		<dict>
			<key>fileEncoding</key>
			<string>4</string>
			<key>isa</key>
			<string>PBXFileReference</string>
			<key>lastKnownFileType</key>
			<string>sourcecode.c.h</string>
			<key>path</key>
			<string>SocketIO.h</string>
			<key>sourceTree</key>
			<string>&lt;group&gt;</string>
		</dict>
		<key>036704FD18BE5EF500D2378F</key>
		<dict>
			<key>fileEncoding</key>
			<string>4</string>
			<key>isa</key>
			<string>PBXFileReference</string>
			<key>lastKnownFileType</key>
			<string>sourcecode.c.objc</string>
			<key>path</key>
			<string>SocketIO.m</string>
			<key>sourceTree</key>
			<string>&lt;group&gt;</string>
		</dict>
		<key>036704FE18BE5EF500D2378F</key>
		<dict>
			<key>fileEncoding</key>
			<string>4</string>
			<key>isa</key>
			<string>PBXFileReference</string>
			<key>lastKnownFileType</key>
			<string>sourcecode.c.h</string>
			<key>path</key>
			<string>SocketIOJSONSerialization.h</string>
			<key>sourceTree</key>
			<string>&lt;group&gt;</string>
		</dict>
		<key>036704FF18BE5EF500D2378F</key>
		<dict>
			<key>fileEncoding</key>
			<string>4</string>
			<key>isa</key>
			<string>PBXFileReference</string>
			<key>lastKnownFileType</key>
			<string>sourcecode.c.objc</string>
			<key>path</key>
			<string>SocketIOJSONSerialization.m</string>
			<key>sourceTree</key>
			<string>&lt;group&gt;</string>
		</dict>
		<key>0367050018BE5EF500D2378F</key>
		<dict>
			<key>fileEncoding</key>
			<string>4</string>
			<key>isa</key>
			<string>PBXFileReference</string>
			<key>lastKnownFileType</key>
			<string>sourcecode.c.h</string>
			<key>path</key>
			<string>SocketIOPacket.h</string>
			<key>sourceTree</key>
			<string>&lt;group&gt;</string>
		</dict>
		<key>0367050118BE5EF500D2378F</key>
		<dict>
			<key>fileEncoding</key>
			<string>4</string>
			<key>isa</key>
			<string>PBXFileReference</string>
			<key>lastKnownFileType</key>
			<string>sourcecode.c.objc</string>
			<key>path</key>
			<string>SocketIOPacket.m</string>
			<key>sourceTree</key>
			<string>&lt;group&gt;</string>
		</dict>
		<key>0367050218BE5EF500D2378F</key>
		<dict>
			<key>fileEncoding</key>
			<string>4</string>
			<key>isa</key>
			<string>PBXFileReference</string>
			<key>lastKnownFileType</key>
			<string>sourcecode.c.h</string>
			<key>path</key>
			<string>SocketIOTransport.h</string>
			<key>sourceTree</key>
			<string>&lt;group&gt;</string>
		</dict>
		<key>0367050318BE5EF500D2378F</key>
		<dict>
			<key>fileEncoding</key>
			<string>4</string>
			<key>isa</key>
			<string>PBXFileReference</string>
			<key>lastKnownFileType</key>
			<string>sourcecode.c.h</string>
			<key>path</key>
			<string>SocketIOTransportWebsocket.h</string>
			<key>sourceTree</key>
			<string>&lt;group&gt;</string>
		</dict>
		<key>0367050418BE5EF500D2378F</key>
		<dict>
			<key>fileEncoding</key>
			<string>4</string>
			<key>isa</key>
			<string>PBXFileReference</string>
			<key>lastKnownFileType</key>
			<string>sourcecode.c.objc</string>
			<key>path</key>
			<string>SocketIOTransportWebsocket.m</string>
			<key>sourceTree</key>
			<string>&lt;group&gt;</string>
		</dict>
		<key>0367050518BE5EF500D2378F</key>
		<dict>
			<key>fileEncoding</key>
			<string>4</string>
			<key>isa</key>
			<string>PBXFileReference</string>
			<key>lastKnownFileType</key>
			<string>sourcecode.c.h</string>
			<key>path</key>
			<string>SocketIOTransportXHR.h</string>
			<key>sourceTree</key>
			<string>&lt;group&gt;</string>
		</dict>
		<key>0367050618BE5EF500D2378F</key>
		<dict>
			<key>fileEncoding</key>
			<string>4</string>
			<key>isa</key>
			<string>PBXFileReference</string>
			<key>lastKnownFileType</key>
			<string>sourcecode.c.objc</string>
			<key>path</key>
			<string>SocketIOTransportXHR.m</string>
			<key>sourceTree</key>
			<string>&lt;group&gt;</string>
		</dict>
		<key>036706DD18BE5EF800D2378F</key>
		<dict>
			<key>children</key>
			<array>
				<string>03670B3418BE5EFF00D2378F</string>
				<string>03670B3518BE5EFF00D2378F</string>
				<string>03670B3618BE5EFF00D2378F</string>
				<string>03670B3718BE5EFF00D2378F</string>
				<string>03670B3818BE5EFF00D2378F</string>
				<string>03670B3918BE5EFF00D2378F</string>
				<string>03670B3A18BE5EFF00D2378F</string>
			</array>
			<key>isa</key>
			<string>PBXGroup</string>
			<key>path</key>
			<string>SocketRocket</string>
			<key>sourceTree</key>
			<string>&lt;group&gt;</string>
		</dict>
		<key>03670B3418BE5EFF00D2378F</key>
		<dict>
			<key>fileEncoding</key>
			<string>4</string>
			<key>isa</key>
			<string>PBXFileReference</string>
			<key>lastKnownFileType</key>
			<string>sourcecode.c.c</string>
			<key>name</key>
			<string>base64.c</string>
			<key>path</key>
			<string>SocketRocket/base64.c</string>
			<key>sourceTree</key>
			<string>&lt;group&gt;</string>
		</dict>
		<key>03670B3518BE5EFF00D2378F</key>
		<dict>
			<key>fileEncoding</key>
			<string>4</string>
			<key>isa</key>
			<string>PBXFileReference</string>
			<key>lastKnownFileType</key>
			<string>sourcecode.c.h</string>
			<key>name</key>
			<string>base64.h</string>
			<key>path</key>
			<string>SocketRocket/base64.h</string>
			<key>sourceTree</key>
			<string>&lt;group&gt;</string>
		</dict>
		<key>03670B3618BE5EFF00D2378F</key>
		<dict>
			<key>fileEncoding</key>
			<string>4</string>
			<key>isa</key>
			<string>PBXFileReference</string>
			<key>lastKnownFileType</key>
			<string>sourcecode.c.h</string>
			<key>name</key>
			<string>NSData+SRB64Additions.h</string>
			<key>path</key>
			<string>SocketRocket/NSData+SRB64Additions.h</string>
			<key>sourceTree</key>
			<string>&lt;group&gt;</string>
		</dict>
		<key>03670B3718BE5EFF00D2378F</key>
		<dict>
			<key>fileEncoding</key>
			<string>4</string>
			<key>isa</key>
			<string>PBXFileReference</string>
			<key>lastKnownFileType</key>
			<string>sourcecode.c.objc</string>
			<key>name</key>
			<string>NSData+SRB64Additions.m</string>
			<key>path</key>
			<string>SocketRocket/NSData+SRB64Additions.m</string>
			<key>sourceTree</key>
			<string>&lt;group&gt;</string>
		</dict>
		<key>03670B3818BE5EFF00D2378F</key>
		<dict>
			<key>fileEncoding</key>
			<string>4</string>
			<key>isa</key>
			<string>PBXFileReference</string>
			<key>lastKnownFileType</key>
			<string>sourcecode.c.h</string>
			<key>name</key>
			<string>SocketRocket-Prefix.pch</string>
			<key>path</key>
			<string>SocketRocket/SocketRocket-Prefix.pch</string>
			<key>sourceTree</key>
			<string>&lt;group&gt;</string>
		</dict>
		<key>03670B3918BE5EFF00D2378F</key>
		<dict>
			<key>fileEncoding</key>
			<string>4</string>
			<key>isa</key>
			<string>PBXFileReference</string>
			<key>lastKnownFileType</key>
			<string>sourcecode.c.h</string>
			<key>name</key>
			<string>SRWebSocket.h</string>
			<key>path</key>
			<string>SocketRocket/SRWebSocket.h</string>
			<key>sourceTree</key>
			<string>&lt;group&gt;</string>
		</dict>
		<key>03670B3A18BE5EFF00D2378F</key>
		<dict>
			<key>fileEncoding</key>
			<string>4</string>
			<key>isa</key>
			<string>PBXFileReference</string>
			<key>lastKnownFileType</key>
			<string>sourcecode.c.objc</string>
			<key>name</key>
			<string>SRWebSocket.m</string>
			<key>path</key>
			<string>SocketRocket/SRWebSocket.m</string>
			<key>sourceTree</key>
			<string>&lt;group&gt;</string>
		</dict>
		<key>03670B7C18BE5F0000D2378F</key>
		<dict>
			<key>fileRef</key>
			<string>036704FD18BE5EF500D2378F</string>
			<key>isa</key>
			<string>PBXBuildFile</string>
		</dict>
		<key>03670B7D18BE5F0000D2378F</key>
		<dict>
			<key>fileRef</key>
			<string>036704FF18BE5EF500D2378F</string>
			<key>isa</key>
			<string>PBXBuildFile</string>
		</dict>
		<key>03670B7E18BE5F0000D2378F</key>
		<dict>
			<key>fileRef</key>
			<string>0367050118BE5EF500D2378F</string>
			<key>isa</key>
			<string>PBXBuildFile</string>
		</dict>
		<key>03670B7F18BE5F0000D2378F</key>
		<dict>
			<key>fileRef</key>
			<string>0367050418BE5EF500D2378F</string>
			<key>isa</key>
			<string>PBXBuildFile</string>
		</dict>
		<key>03670B8018BE5F0000D2378F</key>
		<dict>
			<key>fileRef</key>
			<string>0367050618BE5EF500D2378F</string>
			<key>isa</key>
			<string>PBXBuildFile</string>
		</dict>
		<key>036710D718BE5F0000D2378F</key>
		<dict>
			<key>fileRef</key>
			<string>03670B3418BE5EFF00D2378F</string>
			<key>isa</key>
			<string>PBXBuildFile</string>
		</dict>
		<key>036710D818BE5F0000D2378F</key>
		<dict>
			<key>fileRef</key>
			<string>03670B3718BE5EFF00D2378F</string>
			<key>isa</key>
			<string>PBXBuildFile</string>
		</dict>
		<key>036710D918BE5F0000D2378F</key>
		<dict>
			<key>fileRef</key>
			<string>03670B3A18BE5EFF00D2378F</string>
			<key>isa</key>
			<string>PBXBuildFile</string>
		</dict>
		<key>0367111E18BE610B00D2378F</key>
		<dict>
			<key>isa</key>
			<string>PBXFileReference</string>
			<key>lastKnownFileType</key>
			<string>wrapper.framework</string>
			<key>name</key>
			<string>Security.framework</string>
			<key>path</key>
			<string>System/Library/Frameworks/Security.framework</string>
			<key>sourceTree</key>
			<string>SDKROOT</string>
		</dict>
		<key>0367111F18BE610B00D2378F</key>
		<dict>
			<key>fileRef</key>
			<string>0367111E18BE610B00D2378F</string>
			<key>isa</key>
			<string>PBXBuildFile</string>
		</dict>
		<key>0367112018BE612100D2378F</key>
		<dict>
			<key>isa</key>
			<string>PBXFileReference</string>
			<key>lastKnownFileType</key>
			<string>compiled.mach-o.dylib</string>
			<key>name</key>
			<string>libicucore.dylib</string>
			<key>path</key>
			<string>usr/lib/libicucore.dylib</string>
			<key>sourceTree</key>
			<string>SDKROOT</string>
		</dict>
		<key>0367112118BE612100D2378F</key>
		<dict>
			<key>fileRef</key>
			<string>0367112018BE612100D2378F</string>
			<key>isa</key>
			<string>PBXBuildFile</string>
		</dict>
		<key>0367112218BE612A00D2378F</key>
		<dict>
			<key>isa</key>
			<string>PBXFileReference</string>
			<key>lastKnownFileType</key>
			<string>wrapper.framework</string>
			<key>name</key>
			<string>CFNetwork.framework</string>
			<key>path</key>
			<string>System/Library/Frameworks/CFNetwork.framework</string>
			<key>sourceTree</key>
			<string>SDKROOT</string>
		</dict>
		<key>0367112318BE612A00D2378F</key>
		<dict>
			<key>fileRef</key>
			<string>0367112218BE612A00D2378F</string>
			<key>isa</key>
			<string>PBXBuildFile</string>
		</dict>
		<key>195D260518DB9975005A97B8</key>
		<dict>
			<key>fileEncoding</key>
			<string>4</string>
			<key>isa</key>
			<string>PBXFileReference</string>
			<key>lastKnownFileType</key>
			<string>sourcecode.c.objc</string>
			<key>path</key>
			<string>CourseDetailsViewControllerTest.m</string>
			<key>sourceTree</key>
			<string>&lt;group&gt;</string>
		</dict>
		<key>195D260618DB9975005A97B8</key>
		<dict>
			<key>fileRef</key>
			<string>195D260518DB9975005A97B8</string>
			<key>isa</key>
			<string>PBXBuildFile</string>
		</dict>
		<key>1998A6AA18D239CD004F7963</key>
		<dict>
			<key>children</key>
			<array>
				<string>1998A6D718D245BF004F7963</string>
				<string>1998A6D818D245BF004F7963</string>
				<string>1998A6BD18D24547004F7963</string>
				<string>1998A6BE18D24547004F7963</string>
				<string>1998A6BF18D24547004F7963</string>
				<string>1998A6C018D24547004F7963</string>
				<string>1998A6C118D24547004F7963</string>
				<string>1998A6C218D24547004F7963</string>
				<string>1998A6C318D24547004F7963</string>
				<string>1998A6C418D24547004F7963</string>
				<string>1998A6C518D24547004F7963</string>
				<string>1998A6C618D24547004F7963</string>
				<string>1998A6C718D24547004F7963</string>
				<string>1998A6C818D24547004F7963</string>
				<string>1998A6C918D24547004F7963</string>
				<string>1998A6AB18D239CD004F7963</string>
				<string>1998A6AC18D239CD004F7963</string>
				<string>1998A6AD18D239CD004F7963</string>
				<string>1998A6AE18D239CD004F7963</string>
				<string>1998A6AF18D239CD004F7963</string>
				<string>1998A6B018D239CD004F7963</string>
				<string>1998A6B118D239CD004F7963</string>
				<string>1998A6B218D239CD004F7963</string>
				<string>1998A6B318D239CD004F7963</string>
				<string>1998A6B418D239CD004F7963</string>
			</array>
			<key>isa</key>
			<string>PBXGroup</string>
			<key>path</key>
			<string>TimesSquare</string>
			<key>sourceTree</key>
			<string>&lt;group&gt;</string>
		</dict>
		<key>1998A6AB18D239CD004F7963</key>
		<dict>
			<key>fileEncoding</key>
			<string>4</string>
			<key>isa</key>
			<string>PBXFileReference</string>
			<key>lastKnownFileType</key>
			<string>sourcecode.c.h</string>
			<key>path</key>
			<string>TSQCalendarRowCell.h</string>
			<key>sourceTree</key>
			<string>&lt;group&gt;</string>
		</dict>
		<key>1998A6AC18D239CD004F7963</key>
		<dict>
			<key>fileEncoding</key>
			<string>4</string>
			<key>isa</key>
			<string>PBXFileReference</string>
			<key>lastKnownFileType</key>
			<string>sourcecode.c.objc</string>
			<key>path</key>
			<string>TSQCalendarMonthHeaderCell.m</string>
			<key>sourceTree</key>
			<string>&lt;group&gt;</string>
		</dict>
		<key>1998A6AD18D239CD004F7963</key>
		<dict>
			<key>fileEncoding</key>
			<string>4</string>
			<key>isa</key>
			<string>PBXFileReference</string>
			<key>lastKnownFileType</key>
			<string>sourcecode.c.objc</string>
			<key>path</key>
			<string>TSQCalendarRowCell.m</string>
			<key>sourceTree</key>
			<string>&lt;group&gt;</string>
		</dict>
		<key>1998A6AE18D239CD004F7963</key>
		<dict>
			<key>fileEncoding</key>
			<string>4</string>
			<key>isa</key>
			<string>PBXFileReference</string>
			<key>lastKnownFileType</key>
			<string>sourcecode.c.h</string>
			<key>path</key>
			<string>TSQCalendarCell.h</string>
			<key>sourceTree</key>
			<string>&lt;group&gt;</string>
		</dict>
		<key>1998A6AF18D239CD004F7963</key>
		<dict>
			<key>fileEncoding</key>
			<string>4</string>
			<key>isa</key>
			<string>PBXFileReference</string>
			<key>lastKnownFileType</key>
			<string>sourcecode.c.h</string>
			<key>path</key>
			<string>TSQCalendarView.h</string>
			<key>sourceTree</key>
			<string>&lt;group&gt;</string>
		</dict>
		<key>1998A6B018D239CD004F7963</key>
		<dict>
			<key>fileEncoding</key>
			<string>4</string>
			<key>isa</key>
			<string>PBXFileReference</string>
			<key>lastKnownFileType</key>
			<string>sourcecode.c.h</string>
			<key>path</key>
			<string>TSQCalendarMonthHeaderCell.h</string>
			<key>sourceTree</key>
			<string>&lt;group&gt;</string>
		</dict>
		<key>1998A6B118D239CD004F7963</key>
		<dict>
			<key>fileEncoding</key>
			<string>4</string>
			<key>isa</key>
			<string>PBXFileReference</string>
			<key>lastKnownFileType</key>
			<string>sourcecode.c.objc</string>
			<key>path</key>
			<string>TSQCalendarCell.m</string>
			<key>sourceTree</key>
			<string>&lt;group&gt;</string>
		</dict>
		<key>1998A6B218D239CD004F7963</key>
		<dict>
			<key>fileEncoding</key>
			<string>4</string>
			<key>isa</key>
			<string>PBXFileReference</string>
			<key>lastKnownFileType</key>
			<string>sourcecode.c.h</string>
			<key>path</key>
			<string>TimesSquare-Prefix.pch</string>
			<key>sourceTree</key>
			<string>&lt;group&gt;</string>
		</dict>
		<key>1998A6B318D239CD004F7963</key>
		<dict>
			<key>fileEncoding</key>
			<string>4</string>
			<key>isa</key>
			<string>PBXFileReference</string>
			<key>lastKnownFileType</key>
			<string>sourcecode.c.objc</string>
			<key>path</key>
			<string>TSQCalendarView.m</string>
			<key>sourceTree</key>
			<string>&lt;group&gt;</string>
		</dict>
		<key>1998A6B418D239CD004F7963</key>
		<dict>
			<key>fileEncoding</key>
			<string>4</string>
			<key>isa</key>
			<string>PBXFileReference</string>
			<key>lastKnownFileType</key>
			<string>sourcecode.c.h</string>
			<key>path</key>
			<string>TimesSquare.h</string>
			<key>sourceTree</key>
			<string>&lt;group&gt;</string>
		</dict>
		<key>1998A6B518D239CD004F7963</key>
		<dict>
			<key>fileRef</key>
			<string>1998A6AC18D239CD004F7963</string>
			<key>isa</key>
			<string>PBXBuildFile</string>
		</dict>
		<key>1998A6B618D239CD004F7963</key>
		<dict>
			<key>fileRef</key>
			<string>1998A6AD18D239CD004F7963</string>
			<key>isa</key>
			<string>PBXBuildFile</string>
		</dict>
		<key>1998A6B718D239CD004F7963</key>
		<dict>
			<key>fileRef</key>
			<string>1998A6B118D239CD004F7963</string>
			<key>isa</key>
			<string>PBXBuildFile</string>
		</dict>
		<key>1998A6B818D239CD004F7963</key>
		<dict>
			<key>fileRef</key>
			<string>1998A6B318D239CD004F7963</string>
			<key>isa</key>
			<string>PBXBuildFile</string>
		</dict>
		<key>1998A6B918D23A83004F7963</key>
		<dict>
			<key>fileEncoding</key>
			<string>4</string>
			<key>isa</key>
			<string>PBXFileReference</string>
			<key>lastKnownFileType</key>
			<string>sourcecode.c.objc</string>
			<key>path</key>
			<string>CourseCalendarViewController.m</string>
			<key>sourceTree</key>
			<string>&lt;group&gt;</string>
		</dict>
		<key>1998A6BA18D23A83004F7963</key>
		<dict>
			<key>fileRef</key>
			<string>1998A6B918D23A83004F7963</string>
			<key>isa</key>
			<string>PBXBuildFile</string>
		</dict>
		<key>1998A6BB18D23A92004F7963</key>
		<dict>
			<key>isa</key>
			<string>PBXFileReference</string>
			<key>lastKnownFileType</key>
			<string>sourcecode.c.h</string>
			<key>path</key>
			<string>CourseCalendarViewController.h</string>
			<key>sourceTree</key>
			<string>&lt;group&gt;</string>
		</dict>
		<key>1998A6BD18D24547004F7963</key>
		<dict>
			<key>isa</key>
			<string>PBXFileReference</string>
			<key>lastKnownFileType</key>
			<string>image.png</string>
			<key>name</key>
			<string>CalendarPreviousMonth.png</string>
			<key>path</key>
			<string>extern/TimesSquare/CalendarPreviousMonth.png</string>
			<key>sourceTree</key>
			<string>SOURCE_ROOT</string>
		</dict>
		<key>1998A6BE18D24547004F7963</key>
		<dict>
			<key>isa</key>
			<string>PBXFileReference</string>
			<key>lastKnownFileType</key>
			<string>image.png</string>
			<key>name</key>
			<string>CalendarPreviousMonth@2x.png</string>
			<key>path</key>
			<string>extern/TimesSquare/CalendarPreviousMonth@2x.png</string>
			<key>sourceTree</key>
			<string>SOURCE_ROOT</string>
		</dict>
		<key>1998A6BF18D24547004F7963</key>
		<dict>
			<key>isa</key>
			<string>PBXFileReference</string>
			<key>lastKnownFileType</key>
			<string>image.png</string>
			<key>name</key>
			<string>CalendarRow.png</string>
			<key>path</key>
			<string>extern/TimesSquare/CalendarRow.png</string>
			<key>sourceTree</key>
			<string>SOURCE_ROOT</string>
		</dict>
		<key>1998A6C018D24547004F7963</key>
		<dict>
			<key>isa</key>
			<string>PBXFileReference</string>
			<key>lastKnownFileType</key>
			<string>image.png</string>
			<key>name</key>
			<string>CalendarRow@2x.png</string>
			<key>path</key>
			<string>extern/TimesSquare/CalendarRow@2x.png</string>
			<key>sourceTree</key>
			<string>SOURCE_ROOT</string>
		</dict>
		<key>1998A6C118D24547004F7963</key>
		<dict>
			<key>isa</key>
			<string>PBXFileReference</string>
			<key>lastKnownFileType</key>
			<string>image.png</string>
			<key>name</key>
			<string>CalendarRowBottom.png</string>
			<key>path</key>
			<string>extern/TimesSquare/CalendarRowBottom.png</string>
			<key>sourceTree</key>
			<string>SOURCE_ROOT</string>
		</dict>
		<key>1998A6C218D24547004F7963</key>
		<dict>
			<key>isa</key>
			<string>PBXFileReference</string>
			<key>lastKnownFileType</key>
			<string>image.png</string>
			<key>name</key>
			<string>CalendarRowBottom@2x.png</string>
			<key>path</key>
			<string>extern/TimesSquare/CalendarRowBottom@2x.png</string>
			<key>sourceTree</key>
			<string>SOURCE_ROOT</string>
		</dict>
		<key>1998A6C318D24547004F7963</key>
		<dict>
			<key>isa</key>
			<string>PBXFileReference</string>
			<key>lastKnownFileType</key>
			<string>image.png</string>
			<key>name</key>
			<string>CalendarSelectedDate.png</string>
			<key>path</key>
			<string>extern/TimesSquare/CalendarSelectedDate.png</string>
			<key>sourceTree</key>
			<string>SOURCE_ROOT</string>
		</dict>
		<key>1998A6C418D24547004F7963</key>
		<dict>
			<key>isa</key>
			<string>PBXFileReference</string>
			<key>lastKnownFileType</key>
			<string>image.png</string>
			<key>name</key>
			<string>CalendarSelectedDate@2x.png</string>
			<key>path</key>
			<string>extern/TimesSquare/CalendarSelectedDate@2x.png</string>
			<key>sourceTree</key>
			<string>SOURCE_ROOT</string>
		</dict>
		<key>1998A6C518D24547004F7963</key>
		<dict>
			<key>isa</key>
			<string>PBXFileReference</string>
			<key>lastKnownFileType</key>
			<string>image.png</string>
			<key>name</key>
			<string>CalendarTodaysDate.png</string>
			<key>path</key>
			<string>extern/TimesSquare/CalendarTodaysDate.png</string>
			<key>sourceTree</key>
			<string>SOURCE_ROOT</string>
		</dict>
		<key>1998A6C618D24547004F7963</key>
		<dict>
			<key>isa</key>
			<string>PBXFileReference</string>
			<key>lastKnownFileType</key>
			<string>image.png</string>
			<key>name</key>
			<string>CalendarTodaysDate@2x.png</string>
			<key>path</key>
			<string>extern/TimesSquare/CalendarTodaysDate@2x.png</string>
			<key>sourceTree</key>
			<string>SOURCE_ROOT</string>
		</dict>
		<key>1998A6C718D24547004F7963</key>
		<dict>
			<key>isa</key>
			<string>PBXFileReference</string>
			<key>lastKnownFileType</key>
			<string>image.png</string>
			<key>name</key>
			<string>Default-568h@2x.png</string>
			<key>path</key>
			<string>extern/TimesSquare/Default-568h@2x.png</string>
			<key>sourceTree</key>
			<string>SOURCE_ROOT</string>
		</dict>
		<key>1998A6C818D24547004F7963</key>
		<dict>
			<key>isa</key>
			<string>PBXFileReference</string>
			<key>lastKnownFileType</key>
			<string>image.png</string>
			<key>path</key>
			<string>Default.png</string>
			<key>sourceTree</key>
			<string>&lt;group&gt;</string>
		</dict>
		<key>1998A6C918D24547004F7963</key>
		<dict>
			<key>isa</key>
			<string>PBXFileReference</string>
			<key>lastKnownFileType</key>
			<string>image.png</string>
			<key>name</key>
			<string>Default@2x.png</string>
			<key>path</key>
			<string>extern/TimesSquare/Default@2x.png</string>
			<key>sourceTree</key>
			<string>SOURCE_ROOT</string>
		</dict>
		<key>1998A6CA18D24547004F7963</key>
		<dict>
			<key>fileRef</key>
			<string>1998A6BD18D24547004F7963</string>
			<key>isa</key>
			<string>PBXBuildFile</string>
		</dict>
		<key>1998A6CB18D24547004F7963</key>
		<dict>
			<key>fileRef</key>
			<string>1998A6BE18D24547004F7963</string>
			<key>isa</key>
			<string>PBXBuildFile</string>
		</dict>
		<key>1998A6CC18D24547004F7963</key>
		<dict>
			<key>fileRef</key>
			<string>1998A6BF18D24547004F7963</string>
			<key>isa</key>
			<string>PBXBuildFile</string>
		</dict>
		<key>1998A6CD18D24547004F7963</key>
		<dict>
			<key>fileRef</key>
			<string>1998A6C018D24547004F7963</string>
			<key>isa</key>
			<string>PBXBuildFile</string>
		</dict>
		<key>1998A6CE18D24547004F7963</key>
		<dict>
			<key>fileRef</key>
			<string>1998A6C118D24547004F7963</string>
			<key>isa</key>
			<string>PBXBuildFile</string>
		</dict>
		<key>1998A6CF18D24547004F7963</key>
		<dict>
			<key>fileRef</key>
			<string>1998A6C218D24547004F7963</string>
			<key>isa</key>
			<string>PBXBuildFile</string>
		</dict>
		<key>1998A6D018D24547004F7963</key>
		<dict>
			<key>fileRef</key>
			<string>1998A6C318D24547004F7963</string>
			<key>isa</key>
			<string>PBXBuildFile</string>
		</dict>
		<key>1998A6D118D24547004F7963</key>
		<dict>
			<key>fileRef</key>
			<string>1998A6C418D24547004F7963</string>
			<key>isa</key>
			<string>PBXBuildFile</string>
		</dict>
		<key>1998A6D218D24547004F7963</key>
		<dict>
			<key>fileRef</key>
			<string>1998A6C518D24547004F7963</string>
			<key>isa</key>
			<string>PBXBuildFile</string>
		</dict>
		<key>1998A6D318D24547004F7963</key>
		<dict>
			<key>fileRef</key>
			<string>1998A6C618D24547004F7963</string>
			<key>isa</key>
			<string>PBXBuildFile</string>
		</dict>
		<key>1998A6D418D24547004F7963</key>
		<dict>
			<key>fileRef</key>
			<string>1998A6C718D24547004F7963</string>
			<key>isa</key>
			<string>PBXBuildFile</string>
		</dict>
		<key>1998A6D518D24547004F7963</key>
		<dict>
			<key>fileRef</key>
			<string>1998A6C818D24547004F7963</string>
			<key>isa</key>
			<string>PBXBuildFile</string>
		</dict>
		<key>1998A6D618D24547004F7963</key>
		<dict>
			<key>fileRef</key>
			<string>1998A6C918D24547004F7963</string>
			<key>isa</key>
			<string>PBXBuildFile</string>
		</dict>
		<key>1998A6D718D245BF004F7963</key>
		<dict>
			<key>fileEncoding</key>
			<string>4</string>
			<key>isa</key>
			<string>PBXFileReference</string>
			<key>lastKnownFileType</key>
			<string>sourcecode.c.h</string>
			<key>name</key>
			<string>TSQTACalendarRowCell.h</string>
			<key>path</key>
			<string>extern/TimesSquare/TSQTACalendarRowCell.h</string>
			<key>sourceTree</key>
			<string>SOURCE_ROOT</string>
		</dict>
		<key>1998A6D818D245BF004F7963</key>
		<dict>
			<key>fileEncoding</key>
			<string>4</string>
			<key>isa</key>
			<string>PBXFileReference</string>
			<key>lastKnownFileType</key>
			<string>sourcecode.c.objc</string>
			<key>name</key>
			<string>TSQTACalendarRowCell.m</string>
			<key>path</key>
			<string>extern/TimesSquare/TSQTACalendarRowCell.m</string>
			<key>sourceTree</key>
			<string>SOURCE_ROOT</string>
		</dict>
		<key>1998A6D918D245BF004F7963</key>
		<dict>
			<key>fileRef</key>
			<string>1998A6D818D245BF004F7963</string>
			<key>isa</key>
			<string>PBXBuildFile</string>
		</dict>
		<key>19A883F718DB65DD00A769A9</key>
		<dict>
			<key>fileEncoding</key>
			<string>4</string>
			<key>isa</key>
			<string>PBXFileReference</string>
			<key>lastKnownFileType</key>
			<string>sourcecode.c.objc</string>
			<key>path</key>
			<string>SingleCourseViewControllerTest.m</string>
			<key>sourceTree</key>
			<string>&lt;group&gt;</string>
		</dict>
		<key>19A883F818DB65DD00A769A9</key>
		<dict>
			<key>fileRef</key>
			<string>19A883F718DB65DD00A769A9</string>
			<key>isa</key>
			<string>PBXBuildFile</string>
		</dict>
		<key>2B65C11618D0C9D500377846</key>
		<dict>
			<key>fileEncoding</key>
			<string>4</string>
			<key>isa</key>
			<string>PBXFileReference</string>
			<key>lastKnownFileType</key>
			<string>sourcecode.c.h</string>
			<key>path</key>
			<string>Student.h</string>
			<key>sourceTree</key>
			<string>&lt;group&gt;</string>
		</dict>
		<key>2B65C11718D0C9D500377846</key>
		<dict>
			<key>fileEncoding</key>
			<string>4</string>
			<key>isa</key>
			<string>PBXFileReference</string>
			<key>lastKnownFileType</key>
			<string>sourcecode.c.objc</string>
			<key>path</key>
			<string>Student.m</string>
			<key>sourceTree</key>
			<string>&lt;group&gt;</string>
		</dict>
		<key>2B65C11818D0C9D500377846</key>
		<dict>
			<key>fileRef</key>
			<string>2B65C11718D0C9D500377846</string>
			<key>isa</key>
			<string>PBXBuildFile</string>
		</dict>
		<key>2BB71EF918CF88910006C121</key>
		<dict>
			<key>fileEncoding</key>
			<string>4</string>
			<key>isa</key>
			<string>PBXFileReference</string>
			<key>lastKnownFileType</key>
			<string>sourcecode.c.h</string>
			<key>path</key>
			<string>AddStudentToCourseViewController.h</string>
			<key>sourceTree</key>
			<string>&lt;group&gt;</string>
		</dict>
		<key>2BB71EFA18CF88910006C121</key>
		<dict>
			<key>fileEncoding</key>
			<string>4</string>
			<key>isa</key>
			<string>PBXFileReference</string>
			<key>lastKnownFileType</key>
			<string>sourcecode.c.objc</string>
			<key>path</key>
			<string>AddStudentToCourseViewController.m</string>
			<key>sourceTree</key>
			<string>&lt;group&gt;</string>
		</dict>
		<key>2BB71EFB18CF88910006C121</key>
		<dict>
			<key>fileRef</key>
			<string>2BB71EFA18CF88910006C121</string>
			<key>isa</key>
			<string>PBXBuildFile</string>
		</dict>
		<key>4C1446D618C8FE4E003BA08D</key>
		<dict>
			<key>fileEncoding</key>
			<string>4</string>
			<key>isa</key>
			<string>PBXFileReference</string>
			<key>lastKnownFileType</key>
			<string>sourcecode.c.h</string>
			<key>path</key>
			<string>SingleCourseViewController.h</string>
			<key>sourceTree</key>
			<string>&lt;group&gt;</string>
		</dict>
		<key>4C1446D718C8FE4E003BA08D</key>
		<dict>
			<key>fileEncoding</key>
			<string>4</string>
			<key>isa</key>
			<string>PBXFileReference</string>
			<key>lastKnownFileType</key>
			<string>sourcecode.c.objc</string>
			<key>path</key>
			<string>SingleCourseViewController.m</string>
			<key>sourceTree</key>
			<string>&lt;group&gt;</string>
		</dict>
		<key>4C1446D818C8FE4E003BA08D</key>
		<dict>
			<key>fileRef</key>
			<string>4C1446D718C8FE4E003BA08D</string>
			<key>isa</key>
			<string>PBXBuildFile</string>
		</dict>
		<key>4C1446D918C906B4003BA08D</key>
		<dict>
			<key>fileEncoding</key>
			<string>4</string>
			<key>isa</key>
			<string>PBXFileReference</string>
			<key>lastKnownFileType</key>
			<string>sourcecode.c.h</string>
			<key>path</key>
			<string>ComInterface.h</string>
			<key>sourceTree</key>
			<string>&lt;group&gt;</string>
		</dict>
		<key>4C1446DA18C906B4003BA08D</key>
		<dict>
			<key>fileEncoding</key>
			<string>4</string>
			<key>isa</key>
			<string>PBXFileReference</string>
			<key>lastKnownFileType</key>
			<string>sourcecode.c.objc</string>
			<key>path</key>
			<string>ComInterface.m</string>
			<key>sourceTree</key>
			<string>&lt;group&gt;</string>
		</dict>
		<key>4C1446DB18C906B4003BA08D</key>
		<dict>
			<key>fileRef</key>
			<string>4C1446DA18C906B4003BA08D</string>
			<key>isa</key>
			<string>PBXBuildFile</string>
		</dict>
		<key>D3515DB018C9293500C6A1D7</key>
		<dict>
			<key>fileEncoding</key>
			<string>4</string>
			<key>isa</key>
			<string>PBXFileReference</string>
			<key>lastKnownFileType</key>
			<string>sourcecode.c.h</string>
			<key>path</key>
			<string>ProfAddAssignmentViewController.h</string>
			<key>sourceTree</key>
			<string>&lt;group&gt;</string>
		</dict>
		<key>D3515DB118C9293500C6A1D7</key>
		<dict>
			<key>fileEncoding</key>
			<string>4</string>
			<key>isa</key>
			<string>PBXFileReference</string>
			<key>lastKnownFileType</key>
			<string>sourcecode.c.objc</string>
			<key>path</key>
			<string>ProfAddAssignmentViewController.m</string>
			<key>sourceTree</key>
			<string>&lt;group&gt;</string>
		</dict>
		<key>D3515DB218C9293500C6A1D7</key>
		<dict>
			<key>fileRef</key>
			<string>D3515DB118C9293500C6A1D7</string>
			<key>isa</key>
			<string>PBXBuildFile</string>
		</dict>
		<key>D3515DB318C94A6900C6A1D7</key>
		<dict>
			<key>fileEncoding</key>
			<string>4</string>
			<key>isa</key>
			<string>PBXFileReference</string>
			<key>lastKnownFileType</key>
			<string>sourcecode.c.h</string>
			<key>path</key>
			<string>ProfAssignment.h</string>
			<key>sourceTree</key>
			<string>&lt;group&gt;</string>
		</dict>
		<key>D3515DB418C94A6900C6A1D7</key>
		<dict>
			<key>fileEncoding</key>
			<string>4</string>
			<key>isa</key>
			<string>PBXFileReference</string>
			<key>lastKnownFileType</key>
			<string>sourcecode.c.objc</string>
			<key>path</key>
			<string>ProfAssignment.m</string>
			<key>sourceTree</key>
			<string>&lt;group&gt;</string>
		</dict>
		<key>D3515DB518C94A6900C6A1D7</key>
		<dict>
			<key>fileRef</key>
			<string>D3515DB418C94A6900C6A1D7</string>
			<key>isa</key>
			<string>PBXBuildFile</string>
		</dict>
		<key>D394AB3018DB7F3B00619AAF</key>
		<dict>
			<key>fileEncoding</key>
			<string>4</string>
			<key>isa</key>
			<string>PBXFileReference</string>
			<key>lastKnownFileType</key>
			<string>sourcecode.c.h</string>
			<key>path</key>
			<string>LoginViewController.h</string>
			<key>sourceTree</key>
			<string>&lt;group&gt;</string>
		</dict>
		<key>D394AB3118DB7F3B00619AAF</key>
		<dict>
			<key>fileEncoding</key>
			<string>4</string>
			<key>isa</key>
			<string>PBXFileReference</string>
			<key>lastKnownFileType</key>
			<string>sourcecode.c.objc</string>
			<key>path</key>
			<string>LoginViewController.m</string>
			<key>sourceTree</key>
			<string>&lt;group&gt;</string>
		</dict>
		<key>D394AB3218DB7F3B00619AAF</key>
		<dict>
			<key>fileRef</key>
			<string>D394AB3118DB7F3B00619AAF</string>
			<key>isa</key>
			<string>PBXBuildFile</string>
		</dict>
		<key>D394AB3318DB9EFC00619AAF</key>
		<dict>
			<key>fileEncoding</key>
			<string>4</string>
			<key>isa</key>
			<string>PBXFileReference</string>
			<key>lastKnownFileType</key>
			<string>sourcecode.c.objc</string>
			<key>path</key>
			<string>ProfAddAssignmentViewControllerTest.m</string>
			<key>sourceTree</key>
			<string>&lt;group&gt;</string>
		</dict>
		<key>D394AB3418DB9EFC00619AAF</key>
		<dict>
			<key>fileRef</key>
			<string>D394AB3318DB9EFC00619AAF</string>
			<key>isa</key>
			<string>PBXBuildFile</string>
		</dict>
		<key>F4735BA018D99D7300E60CC6</key>
		<dict>
			<key>fileEncoding</key>
			<string>4</string>
			<key>isa</key>
			<string>PBXFileReference</string>
			<key>lastKnownFileType</key>
			<string>sourcecode.c.h</string>
			<key>path</key>
			<string>GradeViewController.h</string>
			<key>sourceTree</key>
			<string>&lt;group&gt;</string>
		</dict>
		<key>F4735BA118D99D7300E60CC6</key>
		<dict>
			<key>fileEncoding</key>
			<string>4</string>
			<key>isa</key>
			<string>PBXFileReference</string>
			<key>lastKnownFileType</key>
			<string>sourcecode.c.objc</string>
			<key>path</key>
			<string>GradeViewController.m</string>
			<key>sourceTree</key>
			<string>&lt;group&gt;</string>
		</dict>
		<key>F4735BA218D99D7300E60CC6</key>
		<dict>
			<key>fileRef</key>
			<string>F4735BA118D99D7300E60CC6</string>
			<key>isa</key>
			<string>PBXBuildFile</string>
		</dict>
	</dict>
	<key>rootObject</key>
	<string>036704AC18BD635600D2378F</string>
</dict>
</plist>
